
Microsoft Visual Studio Solution File, Format Version 12.00
# Visual Studio Version 16
VisualStudioVersion = 16.0.30523.141
MinimumVisualStudioVersion = 10.0.40219.1
Project("{FAE04EC0-301F-11D3-BF4B-00C04F79EFBC}") = "Fundamentals_TextProcessing", "Fundamentals_TextProcessing\Fundamentals_TextProcessing.csproj", "{0B23B443-57EF-4FAA-98E7-67EC55E8476E}"
EndProject
Global
	GlobalSection(SolutionConfigurationPlatforms) = preSolution
		Debug|Any CPU = Debug|Any CPU
		Release|Any CPU = Release|Any CPU
	EndGlobalSection
	GlobalSection(ProjectConfigurationPlatforms) = postSolution
		{0B23B443-57EF-4FAA-98E7-67EC55E8476E}.Debug|Any CPU.ActiveCfg = Debug|Any CPU
		{0B23B443-57EF-4FAA-98E7-67EC55E8476E}.Debug|Any CPU.Build.0 = Debug|Any CPU
		{0B23B443-57EF-4FAA-98E7-67EC55E8476E}.Release|Any CPU.ActiveCfg = Release|Any CPU
		{0B23B443-57EF-4FAA-98E7-67EC55E8476E}.Release|Any CPU.Build.0 = Release|Any CPU
	EndGlobalSection
	GlobalSection(SolutionProperties) = preSolution
		HideSolutionNode = FALSE
	EndGlobalSection
	GlobalSection(ExtensibilityGlobals) = postSolution
		SolutionGuid = {A659ABF8-C7F7-414E-8879-B2204EA4EDFF}
	EndGlobalSection
EndGlobal
